
Microsoft Visual Studio Solution File, Format Version 12.00
Project("{FAE04EC0-301F-11D3-BF4B-00C04F79EFBC}") = "TouchDcs", "TouchDcs\TouchDcs.csproj", "{A12DF4B8-B36F-4AD3-9FCE-17D66ED4D023}"
EndProject
Project("{FAE04EC0-301F-11D3-BF4B-00C04F79EFBC}") = "DcsBiosCommunicator", "DcsBiosCommunicator\DcsBiosCommunicator.csproj", "{9503ED7C-1E15-405E-881A-AD8751BEBBE2}"
EndProject
Project("{FAE04EC0-301F-11D3-BF4B-00C04F79EFBC}") = "Configuration", "Configuration\Configuration.csproj", "{CF1A1ADC-63C0-47E4-9771-9E5F3C841BC9}"
EndProject
Project("{FAE04EC0-301F-11D3-BF4B-00C04F79EFBC}") = "BiosConfiguration", "BiosConfiguration\BiosConfiguration.csproj", "{83451367-9C74-467E-BB72-4A9CF5E5555D}"
EndProject
Project("{FAE04EC0-301F-11D3-BF4B-00C04F79EFBC}") = "Core", "Core\Core.csproj", "{B6A4043D-28D3-4E51-BA2A-E5073DE976A2}"
EndProject
Project("{FAE04EC0-301F-11D3-BF4B-00C04F79EFBC}") = "OscCommunicator", "OscCommunicator\OscCommunicator.csproj", "{E116E757-FBB0-48D1-8AB2-CD0F0C98B2A1}"
EndProject
Project("{FAE04EC0-301F-11D3-BF4B-00C04F79EFBC}") = "TouchDcsTest", "TouchDcsTest\TouchDcsTest.csproj", "{B1085699-D2F1-4B00-BE18-24FFDE07B3F9}"
EndProject
Global
	GlobalSection(SolutionConfigurationPlatforms) = preSolution
		Debug|Any CPU = Debug|Any CPU
		Release|Any CPU = Release|Any CPU
	EndGlobalSection
	GlobalSection(ProjectConfigurationPlatforms) = postSolution
		{A12DF4B8-B36F-4AD3-9FCE-17D66ED4D023}.Debug|Any CPU.ActiveCfg = Debug|Any CPU
		{A12DF4B8-B36F-4AD3-9FCE-17D66ED4D023}.Debug|Any CPU.Build.0 = Debug|Any CPU
		{A12DF4B8-B36F-4AD3-9FCE-17D66ED4D023}.Release|Any CPU.ActiveCfg = Release|Any CPU
		{A12DF4B8-B36F-4AD3-9FCE-17D66ED4D023}.Release|Any CPU.Build.0 = Release|Any CPU
		{9503ED7C-1E15-405E-881A-AD8751BEBBE2}.Debug|Any CPU.ActiveCfg = Debug|Any CPU
		{9503ED7C-1E15-405E-881A-AD8751BEBBE2}.Debug|Any CPU.Build.0 = Debug|Any CPU
		{9503ED7C-1E15-405E-881A-AD8751BEBBE2}.Release|Any CPU.ActiveCfg = Release|Any CPU
		{9503ED7C-1E15-405E-881A-AD8751BEBBE2}.Release|Any CPU.Build.0 = Release|Any CPU
		{CF1A1ADC-63C0-47E4-9771-9E5F3C841BC9}.Debug|Any CPU.ActiveCfg = Debug|Any CPU
		{CF1A1ADC-63C0-47E4-9771-9E5F3C841BC9}.Debug|Any CPU.Build.0 = Debug|Any CPU
		{CF1A1ADC-63C0-47E4-9771-9E5F3C841BC9}.Release|Any CPU.ActiveCfg = Release|Any CPU
		{CF1A1ADC-63C0-47E4-9771-9E5F3C841BC9}.Release|Any CPU.Build.0 = Release|Any CPU
		{83451367-9C74-467E-BB72-4A9CF5E5555D}.Debug|Any CPU.ActiveCfg = Debug|Any CPU
		{83451367-9C74-467E-BB72-4A9CF5E5555D}.Debug|Any CPU.Build.0 = Debug|Any CPU
		{83451367-9C74-467E-BB72-4A9CF5E5555D}.Release|Any CPU.ActiveCfg = Release|Any CPU
		{83451367-9C74-467E-BB72-4A9CF5E5555D}.Release|Any CPU.Build.0 = Release|Any CPU
		{B6A4043D-28D3-4E51-BA2A-E5073DE976A2}.Debug|Any CPU.ActiveCfg = Debug|Any CPU
		{B6A4043D-28D3-4E51-BA2A-E5073DE976A2}.Debug|Any CPU.Build.0 = Debug|Any CPU
		{B6A4043D-28D3-4E51-BA2A-E5073DE976A2}.Release|Any CPU.ActiveCfg = Release|Any CPU
		{B6A4043D-28D3-4E51-BA2A-E5073DE976A2}.Release|Any CPU.Build.0 = Release|Any CPU
		{E116E757-FBB0-48D1-8AB2-CD0F0C98B2A1}.Debug|Any CPU.ActiveCfg = Debug|Any CPU
		{E116E757-FBB0-48D1-8AB2-CD0F0C98B2A1}.Debug|Any CPU.Build.0 = Debug|Any CPU
		{E116E757-FBB0-48D1-8AB2-CD0F0C98B2A1}.Release|Any CPU.ActiveCfg = Release|Any CPU
		{E116E757-FBB0-48D1-8AB2-CD0F0C98B2A1}.Release|Any CPU.Build.0 = Release|Any CPU
		{B1085699-D2F1-4B00-BE18-24FFDE07B3F9}.Debug|Any CPU.ActiveCfg = Debug|Any CPU
		{B1085699-D2F1-4B00-BE18-24FFDE07B3F9}.Debug|Any CPU.Build.0 = Debug|Any CPU
		{B1085699-D2F1-4B00-BE18-24FFDE07B3F9}.Release|Any CPU.ActiveCfg = Release|Any CPU
		{B1085699-D2F1-4B00-BE18-24FFDE07B3F9}.Release|Any CPU.Build.0 = Release|Any CPU
	EndGlobalSection
EndGlobal
